
Microsoft Visual Studio Solution File, Format Version 12.00
# Visual Studio Version 16
VisualStudioVersion = 16.0.29318.209
MinimumVisualStudioVersion = 10.0.40219.1
Project("{FAE04EC0-301F-11D3-BF4B-00C04F79EFBC}") = "Tea1", "Tea1\Tea1.csproj", "{60F60F4C-6E51-4820-9835-380B1E2E9BBA}"
EndProject
Global
	GlobalSection(SolutionConfigurationPlatforms) = preSolution
		Debug|Any CPU = Debug|Any CPU
		Release|Any CPU = Release|Any CPU
	EndGlobalSection
	GlobalSection(ProjectConfigurationPlatforms) = postSolution
		{60F60F4C-6E51-4820-9835-380B1E2E9BBA}.Debug|Any CPU.ActiveCfg = Debug|Any CPU
		{60F60F4C-6E51-4820-9835-380B1E2E9BBA}.Debug|Any CPU.Build.0 = Debug|Any CPU
		{60F60F4C-6E51-4820-9835-380B1E2E9BBA}.Release|Any CPU.ActiveCfg = Release|Any CPU
		{60F60F4C-6E51-4820-9835-380B1E2E9BBA}.Release|Any CPU.Build.0 = Release|Any CPU
	EndGlobalSection
	GlobalSection(SolutionProperties) = preSolution
		HideSolutionNode = FALSE
	EndGlobalSection
	GlobalSection(ExtensibilityGlobals) = postSolution
		SolutionGuid = {6364D1E1-3586-4A13-AD63-5AD3159479B0}
	EndGlobalSection
EndGlobal
